// !$*UTF8*$!
{
	archiveVersion = 1;
	classes = {
	};
	objectVersion = 51;
	objects = {

/* Begin PBXBuildFile section */
		983FCCC0248CCDAD00B9F064 /* AppDelegate.swift in Sources */ = {isa = PBXBuildFile; fileRef = 983FCCBF248CCDAD00B9F064 /* AppDelegate.swift */; };
		983FCCC2248CCDAD00B9F064 /* SceneDelegate.swift in Sources */ = {isa = PBXBuildFile; fileRef = 983FCCC1248CCDAD00B9F064 /* SceneDelegate.swift */; };
		983FCCC7248CCDAD00B9F064 /* Main.storyboard in Resources */ = {isa = PBXBuildFile; fileRef = 983FCCC5248CCDAD00B9F064 /* Main.storyboard */; };
		983FCCCA248CCDAD00B9F064 /* Takiso.xcdatamodeld in Sources */ = {isa = PBXBuildFile; fileRef = 983FCCC8248CCDAD00B9F064 /* Takiso.xcdatamodeld */; };
		983FCCCC248CCDAE00B9F064 /* Assets.xcassets in Resources */ = {isa = PBXBuildFile; fileRef = 983FCCCB248CCDAE00B9F064 /* Assets.xcassets */; };
		983FCCCF248CCDAE00B9F064 /* LaunchScreen.storyboard in Resources */ = {isa = PBXBuildFile; fileRef = 983FCCCD248CCDAE00B9F064 /* LaunchScreen.storyboard */; };
		983FCCDA248CCDAE00B9F064 /* TakisoTests.swift in Sources */ = {isa = PBXBuildFile; fileRef = 983FCCD9248CCDAE00B9F064 /* TakisoTests.swift */; };
		983FCCE5248CCDAE00B9F064 /* TakisoUITests.swift in Sources */ = {isa = PBXBuildFile; fileRef = 983FCCE4248CCDAE00B9F064 /* TakisoUITests.swift */; };
		983FCCF5248CCE9100B9F064 /* AuthManager.swift in Sources */ = {isa = PBXBuildFile; fileRef = 983FCCF4248CCE9100B9F064 /* AuthManager.swift */; };
		983FCCF7248CCEE300B9F064 /* UserEntity.swift in Sources */ = {isa = PBXBuildFile; fileRef = 983FCCF6248CCEE300B9F064 /* UserEntity.swift */; };
		983FCCFA248CD03E00B9F064 /* LocalUserRepo.swift in Sources */ = {isa = PBXBuildFile; fileRef = 983FCCF9248CD03E00B9F064 /* LocalUserRepo.swift */; };
		983FCCFE248CD17800B9F064 /* RemoteUserRepo.swift in Sources */ = {isa = PBXBuildFile; fileRef = 983FCCFD248CD17800B9F064 /* RemoteUserRepo.swift */; };
		983FCD01248CD2EF00B9F064 /* NetworkResponse.swift in Sources */ = {isa = PBXBuildFile; fileRef = 983FCD00248CD2EF00B9F064 /* NetworkResponse.swift */; };
		983FCD04248CD3BA00B9F064 /* NetworkAuthSuccessResponse.swift in Sources */ = {isa = PBXBuildFile; fileRef = 983FCD03248CD3BA00B9F064 /* NetworkAuthSuccessResponse.swift */; };
		983FCD06248CD42600B9F064 /* NetworkConstants.swift in Sources */ = {isa = PBXBuildFile; fileRef = 983FCD05248CD42600B9F064 /* NetworkConstants.swift */; };
		9868656C24A085EC00D46E1A /* LocalExerciseRepo.swift in Sources */ = {isa = PBXBuildFile; fileRef = 9868656B24A085EC00D46E1A /* LocalExerciseRepo.swift */; };
		986BE7962492A7410085E7F4 /* AuthViewController.swift in Sources */ = {isa = PBXBuildFile; fileRef = 986BE7952492A7410085E7F4 /* AuthViewController.swift */; };
		986BE7982493EF300085E7F4 /* DesignableView.swift in Sources */ = {isa = PBXBuildFile; fileRef = 986BE7972493EF300085E7F4 /* DesignableView.swift */; };
		986BE79B2493FA8F0085E7F4 /* Validator.swift in Sources */ = {isa = PBXBuildFile; fileRef = 986BE79A2493FA8F0085E7F4 /* Validator.swift */; };
		986BE79F2493FE880085E7F4 /* AuthViewModel.swift in Sources */ = {isa = PBXBuildFile; fileRef = 986BE79E2493FE880085E7F4 /* AuthViewModel.swift */; };
		986BE7A12493FEA80085E7F4 /* AuthView.swift in Sources */ = {isa = PBXBuildFile; fileRef = 986BE7A02493FEA80085E7F4 /* AuthView.swift */; };
		986BE7A32493FF110085E7F4 /* BaseViewModel.swift in Sources */ = {isa = PBXBuildFile; fileRef = 986BE7A22493FF110085E7F4 /* BaseViewModel.swift */; };
		986BE7A5249434E30085E7F4 /* BaseView.swift in Sources */ = {isa = PBXBuildFile; fileRef = 986BE7A4249434E30085E7F4 /* BaseView.swift */; };
		986BE7A82494D58E0085E7F4 /* NetworkExceptions.swift in Sources */ = {isa = PBXBuildFile; fileRef = 986BE7A72494D58E0085E7F4 /* NetworkExceptions.swift */; };
		986BE7B124953F350085E7F4 /* DashboardHeaderViewController.swift in Sources */ = {isa = PBXBuildFile; fileRef = 986BE7B024953F350085E7F4 /* DashboardHeaderViewController.swift */; };
		986BE7B6249544310085E7F4 /* CardView.swift in Sources */ = {isa = PBXBuildFile; fileRef = 986BE7B5249544310085E7F4 /* CardView.swift */; };
		986BE7B92495475E0085E7F4 /* ViewController.swift in Sources */ = {isa = PBXBuildFile; fileRef = 986BE7B82495475E0085E7F4 /* ViewController.swift */; };
		986BE7BB249547F70085E7F4 /* DashboardViewController.swift in Sources */ = {isa = PBXBuildFile; fileRef = 986BE7BA249547F70085E7F4 /* DashboardViewController.swift */; };
		986BE7BD249548D50085E7F4 /* HomeViewController.swift in Sources */ = {isa = PBXBuildFile; fileRef = 986BE7BC249548D50085E7F4 /* HomeViewController.swift */; };
		986BE7BF24956EEA0085E7F4 /* AddExerciseViewController.swift in Sources */ = {isa = PBXBuildFile; fileRef = 986BE7BE24956EEA0085E7F4 /* AddExerciseViewController.swift */; };
		986BE7C424956F280085E7F4 /* WorkoutManager.swift in Sources */ = {isa = PBXBuildFile; fileRef = 986BE7C324956F280085E7F4 /* WorkoutManager.swift */; };
		986BE7C724956F710085E7F4 /* WorkoutEntity.swift in Sources */ = {isa = PBXBuildFile; fileRef = 986BE7C624956F710085E7F4 /* WorkoutEntity.swift */; };
		986BE7CA2495712B0085E7F4 /* RemoteExerciseRepo.swift in Sources */ = {isa = PBXBuildFile; fileRef = 986BE7C92495712B0085E7F4 /* RemoteExerciseRepo.swift */; };
		986BE7CD249572DF0085E7F4 /* NetworkEntity.swift in Sources */ = {isa = PBXBuildFile; fileRef = 986BE7CC249572DF0085E7F4 /* NetworkEntity.swift */; };
		986BE7D0249577210085E7F4 /* AddExerciseView.swift in Sources */ = {isa = PBXBuildFile; fileRef = 986BE7CF249577210085E7F4 /* AddExerciseView.swift */; };
		986BE7D2249577E20085E7F4 /* ExtentionUiViewController.swift in Sources */ = {isa = PBXBuildFile; fileRef = 986BE7D1249577E20085E7F4 /* ExtentionUiViewController.swift */; };
		986BE7D42495786A0085E7F4 /* AddExerciseViewModel.swift in Sources */ = {isa = PBXBuildFile; fileRef = 986BE7D32495786A0085E7F4 /* AddExerciseViewModel.swift */; };
		987FA1EC2499DC1700787EF2 /* AddExerciseTableViewCell.swift in Sources */ = {isa = PBXBuildFile; fileRef = 987FA1EA2499DC1700787EF2 /* AddExerciseTableViewCell.swift */; };
		987FA1ED2499DC1700787EF2 /* AddExerciseTableViewCell.xib in Resources */ = {isa = PBXBuildFile; fileRef = 987FA1EB2499DC1700787EF2 /* AddExerciseTableViewCell.xib */; };
		987FA1F52499E23D00787EF2 /* BodyPartViewCell.swift in Sources */ = {isa = PBXBuildFile; fileRef = 987FA1F32499E23D00787EF2 /* BodyPartViewCell.swift */; };
		987FA1F62499E23D00787EF2 /* BodyPartViewCell.xib in Resources */ = {isa = PBXBuildFile; fileRef = 987FA1F42499E23D00787EF2 /* BodyPartViewCell.xib */; };
		987FA1FC249A7CF300787EF2 /* DynamicHeightCollectionView.swift in Sources */ = {isa = PBXBuildFile; fileRef = 987FA1FB249A7CF300787EF2 /* DynamicHeightCollectionView.swift */; };
		987FA1FE249A8E2300787EF2 /* WrapperCollectionViewFlowLayout.swift in Sources */ = {isa = PBXBuildFile; fileRef = 987FA1FD249A8E2300787EF2 /* WrapperCollectionViewFlowLayout.swift */; };
		98C07E5B248CD870002340FA /* NetworkClient.swift in Sources */ = {isa = PBXBuildFile; fileRef = 98C07E5A248CD870002340FA /* NetworkClient.swift */; };
		98C07E62248D2661002340FA /* AuthModule.swift in Sources */ = {isa = PBXBuildFile; fileRef = 98C07E61248D2661002340FA /* AuthModule.swift */; };
		98D0D02524A5E82100C52380 /* BodyPartsLocalRepo.swift in Sources */ = {isa = PBXBuildFile; fileRef = 98D0D02424A5E82100C52380 /* BodyPartsLocalRepo.swift */; };
		98D0D02724A5F72E00C52380 /* EquipmentsLocalRepo.swift in Sources */ = {isa = PBXBuildFile; fileRef = 98D0D02624A5F72E00C52380 /* EquipmentsLocalRepo.swift */; };
		98D0D02A24A734D900C52380 /* FilterViewController.swift in Sources */ = {isa = PBXBuildFile; fileRef = 98D0D02924A734D900C52380 /* FilterViewController.swift */; };
		98D0D02C24A734E700C52380 /* FilterView.swift in Sources */ = {isa = PBXBuildFile; fileRef = 98D0D02B24A734E700C52380 /* FilterView.swift */; };
		98D0D02E24A734F300C52380 /* FilterViewModel.swift in Sources */ = {isa = PBXBuildFile; fileRef = 98D0D02D24A734F300C52380 /* FilterViewModel.swift */; };
		A60258611368CDD354E15FFB /* Pods_TakisoTests.framework in Frameworks */ = {isa = PBXBuildFile; fileRef = 9B5EEE26B26F23FF43784344 /* Pods_TakisoTests.framework */; };
		BDBC8147AA6577894E0B419C /* Pods_Takiso.framework in Frameworks */ = {isa = PBXBuildFile; fileRef = F7F7FCD3041354C76B4CC02B /* Pods_Takiso.framework */; };
		D8FF081D8E91B70EC293FEB5 /* Pods_Takiso_TakisoUITests.framework in Frameworks */ = {isa = PBXBuildFile; fileRef = F1FD77020D2763FF82FBD8F2 /* Pods_Takiso_TakisoUITests.framework */; };
/* End PBXBuildFile section */

/* Begin PBXContainerItemProxy section */
		983FCCD6248CCDAE00B9F064 /* PBXContainerItemProxy */ = {
			isa = PBXContainerItemProxy;
			containerPortal = 983FCCB4248CCDAD00B9F064 /* Project object */;
			proxyType = 1;
			remoteGlobalIDString = 983FCCBB248CCDAD00B9F064;
			remoteInfo = Takiso;
		};
		983FCCE1248CCDAE00B9F064 /* PBXContainerItemProxy */ = {
			isa = PBXContainerItemProxy;
			containerPortal = 983FCCB4248CCDAD00B9F064 /* Project object */;
			proxyType = 1;
			remoteGlobalIDString = 983FCCBB248CCDAD00B9F064;
			remoteInfo = Takiso;
		};
/* End PBXContainerItemProxy section */

/* Begin PBXFileReference section */
		3807CE20746E644C8AFBE92B /* Pods-TakisoTests.release.xcconfig */ = {isa = PBXFileReference; includeInIndex = 1; lastKnownFileType = text.xcconfig; name = "Pods-TakisoTests.release.xcconfig"; path = "Target Support Files/Pods-TakisoTests/Pods-TakisoTests.release.xcconfig"; sourceTree = "<group>"; };
		3A3250C811FEAD3285C2F0FF /* Pods-Takiso-TakisoUITests.debug.xcconfig */ = {isa = PBXFileReference; includeInIndex = 1; lastKnownFileType = text.xcconfig; name = "Pods-Takiso-TakisoUITests.debug.xcconfig"; path = "Target Support Files/Pods-Takiso-TakisoUITests/Pods-Takiso-TakisoUITests.debug.xcconfig"; sourceTree = "<group>"; };
		68B15D3B38F2141E0D58539D /* Pods-Takiso.release.xcconfig */ = {isa = PBXFileReference; includeInIndex = 1; lastKnownFileType = text.xcconfig; name = "Pods-Takiso.release.xcconfig"; path = "Target Support Files/Pods-Takiso/Pods-Takiso.release.xcconfig"; sourceTree = "<group>"; };
		983FCCBC248CCDAD00B9F064 /* Takiso.app */ = {isa = PBXFileReference; explicitFileType = wrapper.application; includeInIndex = 0; path = Takiso.app; sourceTree = BUILT_PRODUCTS_DIR; };
		983FCCBF248CCDAD00B9F064 /* AppDelegate.swift */ = {isa = PBXFileReference; lastKnownFileType = sourcecode.swift; path = AppDelegate.swift; sourceTree = "<group>"; };
		983FCCC1248CCDAD00B9F064 /* SceneDelegate.swift */ = {isa = PBXFileReference; lastKnownFileType = sourcecode.swift; path = SceneDelegate.swift; sourceTree = "<group>"; };
		983FCCC6248CCDAD00B9F064 /* Base */ = {isa = PBXFileReference; lastKnownFileType = file.storyboard; name = Base; path = Base.lproj/Main.storyboard; sourceTree = "<group>"; };
		983FCCC9248CCDAD00B9F064 /* Takiso.xcdatamodel */ = {isa = PBXFileReference; lastKnownFileType = wrapper.xcdatamodel; path = Takiso.xcdatamodel; sourceTree = "<group>"; };
		983FCCCB248CCDAE00B9F064 /* Assets.xcassets */ = {isa = PBXFileReference; lastKnownFileType = folder.assetcatalog; path = Assets.xcassets; sourceTree = "<group>"; };
		983FCCCE248CCDAE00B9F064 /* Base */ = {isa = PBXFileReference; lastKnownFileType = file.storyboard; name = Base; path = Base.lproj/LaunchScreen.storyboard; sourceTree = "<group>"; };
		983FCCD0248CCDAE00B9F064 /* Info.plist */ = {isa = PBXFileReference; lastKnownFileType = text.plist.xml; path = Info.plist; sourceTree = "<group>"; };
		983FCCD5248CCDAE00B9F064 /* TakisoTests.xctest */ = {isa = PBXFileReference; explicitFileType = wrapper.cfbundle; includeInIndex = 0; path = TakisoTests.xctest; sourceTree = BUILT_PRODUCTS_DIR; };
		983FCCD9248CCDAE00B9F064 /* TakisoTests.swift */ = {isa = PBXFileReference; lastKnownFileType = sourcecode.swift; path = TakisoTests.swift; sourceTree = "<group>"; };
		983FCCDB248CCDAE00B9F064 /* Info.plist */ = {isa = PBXFileReference; lastKnownFileType = text.plist.xml; path = Info.plist; sourceTree = "<group>"; };
		983FCCE0248CCDAE00B9F064 /* TakisoUITests.xctest */ = {isa = PBXFileReference; explicitFileType = wrapper.cfbundle; includeInIndex = 0; path = TakisoUITests.xctest; sourceTree = BUILT_PRODUCTS_DIR; };
		983FCCE4248CCDAE00B9F064 /* TakisoUITests.swift */ = {isa = PBXFileReference; lastKnownFileType = sourcecode.swift; path = TakisoUITests.swift; sourceTree = "<group>"; };
		983FCCE6248CCDAE00B9F064 /* Info.plist */ = {isa = PBXFileReference; lastKnownFileType = text.plist.xml; path = Info.plist; sourceTree = "<group>"; };
		983FCCF4248CCE9100B9F064 /* AuthManager.swift */ = {isa = PBXFileReference; lastKnownFileType = sourcecode.swift; path = AuthManager.swift; sourceTree = "<group>"; };
		983FCCF6248CCEE300B9F064 /* UserEntity.swift */ = {isa = PBXFileReference; lastKnownFileType = sourcecode.swift; path = UserEntity.swift; sourceTree = "<group>"; };
		983FCCF9248CD03E00B9F064 /* LocalUserRepo.swift */ = {isa = PBXFileReference; lastKnownFileType = sourcecode.swift; path = LocalUserRepo.swift; sourceTree = "<group>"; };
		983FCCFD248CD17800B9F064 /* RemoteUserRepo.swift */ = {isa = PBXFileReference; lastKnownFileType = sourcecode.swift; path = RemoteUserRepo.swift; sourceTree = "<group>"; };
		983FCD00248CD2EF00B9F064 /* NetworkResponse.swift */ = {isa = PBXFileReference; lastKnownFileType = sourcecode.swift; path = NetworkResponse.swift; sourceTree = "<group>"; };
		983FCD03248CD3BA00B9F064 /* NetworkAuthSuccessResponse.swift */ = {isa = PBXFileReference; lastKnownFileType = sourcecode.swift; path = NetworkAuthSuccessResponse.swift; sourceTree = "<group>"; };
		983FCD05248CD42600B9F064 /* NetworkConstants.swift */ = {isa = PBXFileReference; lastKnownFileType = sourcecode.swift; path = NetworkConstants.swift; sourceTree = "<group>"; };
		9868656B24A085EC00D46E1A /* LocalExerciseRepo.swift */ = {isa = PBXFileReference; lastKnownFileType = sourcecode.swift; path = LocalExerciseRepo.swift; sourceTree = "<group>"; };
		986BE7952492A7410085E7F4 /* AuthViewController.swift */ = {isa = PBXFileReference; lastKnownFileType = sourcecode.swift; path = AuthViewController.swift; sourceTree = "<group>"; };
		986BE7972493EF300085E7F4 /* DesignableView.swift */ = {isa = PBXFileReference; lastKnownFileType = sourcecode.swift; path = DesignableView.swift; sourceTree = "<group>"; };
		986BE79A2493FA8F0085E7F4 /* Validator.swift */ = {isa = PBXFileReference; lastKnownFileType = sourcecode.swift; path = Validator.swift; sourceTree = "<group>"; };
		986BE79E2493FE880085E7F4 /* AuthViewModel.swift */ = {isa = PBXFileReference; lastKnownFileType = sourcecode.swift; path = AuthViewModel.swift; sourceTree = "<group>"; };
		986BE7A02493FEA80085E7F4 /* AuthView.swift */ = {isa = PBXFileReference; lastKnownFileType = sourcecode.swift; path = AuthView.swift; sourceTree = "<group>"; };
		986BE7A22493FF110085E7F4 /* BaseViewModel.swift */ = {isa = PBXFileReference; lastKnownFileType = sourcecode.swift; path = BaseViewModel.swift; sourceTree = "<group>"; };
		986BE7A4249434E30085E7F4 /* BaseView.swift */ = {isa = PBXFileReference; lastKnownFileType = sourcecode.swift; path = BaseView.swift; sourceTree = "<group>"; };
		986BE7A72494D58E0085E7F4 /* NetworkExceptions.swift */ = {isa = PBXFileReference; lastKnownFileType = sourcecode.swift; path = NetworkExceptions.swift; sourceTree = "<group>"; };
		986BE7B024953F350085E7F4 /* DashboardHeaderViewController.swift */ = {isa = PBXFileReference; lastKnownFileType = sourcecode.swift; path = DashboardHeaderViewController.swift; sourceTree = "<group>"; };
		986BE7B5249544310085E7F4 /* CardView.swift */ = {isa = PBXFileReference; lastKnownFileType = sourcecode.swift; path = CardView.swift; sourceTree = "<group>"; };
		986BE7B82495475E0085E7F4 /* ViewController.swift */ = {isa = PBXFileReference; fileEncoding = 4; lastKnownFileType = sourcecode.swift; name = ViewController.swift; path = Takiso/ViewController.swift; sourceTree = SOURCE_ROOT; };
		986BE7BA249547F70085E7F4 /* DashboardViewController.swift */ = {isa = PBXFileReference; lastKnownFileType = sourcecode.swift; path = DashboardViewController.swift; sourceTree = "<group>"; };
		986BE7BC249548D50085E7F4 /* HomeViewController.swift */ = {isa = PBXFileReference; lastKnownFileType = sourcecode.swift; path = HomeViewController.swift; sourceTree = "<group>"; };
		986BE7BE24956EEA0085E7F4 /* AddExerciseViewController.swift */ = {isa = PBXFileReference; lastKnownFileType = sourcecode.swift; path = AddExerciseViewController.swift; sourceTree = "<group>"; };
		986BE7C324956F280085E7F4 /* WorkoutManager.swift */ = {isa = PBXFileReference; lastKnownFileType = sourcecode.swift; path = WorkoutManager.swift; sourceTree = "<group>"; };
		986BE7C624956F710085E7F4 /* WorkoutEntity.swift */ = {isa = PBXFileReference; lastKnownFileType = sourcecode.swift; path = WorkoutEntity.swift; sourceTree = "<group>"; };
		986BE7C92495712B0085E7F4 /* RemoteExerciseRepo.swift */ = {isa = PBXFileReference; lastKnownFileType = sourcecode.swift; path = RemoteExerciseRepo.swift; sourceTree = "<group>"; };
		986BE7CC249572DF0085E7F4 /* NetworkEntity.swift */ = {isa = PBXFileReference; lastKnownFileType = sourcecode.swift; path = NetworkEntity.swift; sourceTree = "<group>"; };
		986BE7CF249577210085E7F4 /* AddExerciseView.swift */ = {isa = PBXFileReference; lastKnownFileType = sourcecode.swift; path = AddExerciseView.swift; sourceTree = "<group>"; };
		986BE7D1249577E20085E7F4 /* ExtentionUiViewController.swift */ = {isa = PBXFileReference; lastKnownFileType = sourcecode.swift; path = ExtentionUiViewController.swift; sourceTree = "<group>"; };
		986BE7D32495786A0085E7F4 /* AddExerciseViewModel.swift */ = {isa = PBXFileReference; lastKnownFileType = sourcecode.swift; path = AddExerciseViewModel.swift; sourceTree = "<group>"; };
		987FA1EA2499DC1700787EF2 /* AddExerciseTableViewCell.swift */ = {isa = PBXFileReference; lastKnownFileType = sourcecode.swift; path = AddExerciseTableViewCell.swift; sourceTree = "<group>"; };
		987FA1EB2499DC1700787EF2 /* AddExerciseTableViewCell.xib */ = {isa = PBXFileReference; lastKnownFileType = file.xib; path = AddExerciseTableViewCell.xib; sourceTree = "<group>"; };
		987FA1F32499E23D00787EF2 /* BodyPartViewCell.swift */ = {isa = PBXFileReference; lastKnownFileType = sourcecode.swift; path = BodyPartViewCell.swift; sourceTree = "<group>"; };
		987FA1F42499E23D00787EF2 /* BodyPartViewCell.xib */ = {isa = PBXFileReference; lastKnownFileType = file.xib; path = BodyPartViewCell.xib; sourceTree = "<group>"; };
		987FA1FB249A7CF300787EF2 /* DynamicHeightCollectionView.swift */ = {isa = PBXFileReference; lastKnownFileType = sourcecode.swift; path = DynamicHeightCollectionView.swift; sourceTree = "<group>"; };
		987FA1FD249A8E2300787EF2 /* WrapperCollectionViewFlowLayout.swift */ = {isa = PBXFileReference; lastKnownFileType = sourcecode.swift; path = WrapperCollectionViewFlowLayout.swift; sourceTree = "<group>"; };
		98C07E5A248CD870002340FA /* NetworkClient.swift */ = {isa = PBXFileReference; lastKnownFileType = sourcecode.swift; path = NetworkClient.swift; sourceTree = "<group>"; };
		98C07E61248D2661002340FA /* AuthModule.swift */ = {isa = PBXFileReference; lastKnownFileType = sourcecode.swift; path = AuthModule.swift; sourceTree = "<group>"; };
		98D0D02424A5E82100C52380 /* BodyPartsLocalRepo.swift */ = {isa = PBXFileReference; lastKnownFileType = sourcecode.swift; path = BodyPartsLocalRepo.swift; sourceTree = "<group>"; };
		98D0D02624A5F72E00C52380 /* EquipmentsLocalRepo.swift */ = {isa = PBXFileReference; lastKnownFileType = sourcecode.swift; path = EquipmentsLocalRepo.swift; sourceTree = "<group>"; };
		98D0D02924A734D900C52380 /* FilterViewController.swift */ = {isa = PBXFileReference; lastKnownFileType = sourcecode.swift; path = FilterViewController.swift; sourceTree = "<group>"; };
		98D0D02B24A734E700C52380 /* FilterView.swift */ = {isa = PBXFileReference; lastKnownFileType = sourcecode.swift; path = FilterView.swift; sourceTree = "<group>"; };
		98D0D02D24A734F300C52380 /* FilterViewModel.swift */ = {isa = PBXFileReference; lastKnownFileType = sourcecode.swift; path = FilterViewModel.swift; sourceTree = "<group>"; };
		9B5EEE26B26F23FF43784344 /* Pods_TakisoTests.framework */ = {isa = PBXFileReference; explicitFileType = wrapper.framework; includeInIndex = 0; path = Pods_TakisoTests.framework; sourceTree = BUILT_PRODUCTS_DIR; };
		B5CB905F9A904456A33B0A22 /* Pods-TakisoTests.debug.xcconfig */ = {isa = PBXFileReference; includeInIndex = 1; lastKnownFileType = text.xcconfig; name = "Pods-TakisoTests.debug.xcconfig"; path = "Target Support Files/Pods-TakisoTests/Pods-TakisoTests.debug.xcconfig"; sourceTree = "<group>"; };
		C49E0D829EAA726E9777D8E0 /* Pods-Takiso-TakisoUITests.release.xcconfig */ = {isa = PBXFileReference; includeInIndex = 1; lastKnownFileType = text.xcconfig; name = "Pods-Takiso-TakisoUITests.release.xcconfig"; path = "Target Support Files/Pods-Takiso-TakisoUITests/Pods-Takiso-TakisoUITests.release.xcconfig"; sourceTree = "<group>"; };
		F0B25FFBF1158A397988B853 /* Pods-Takiso.debug.xcconfig */ = {isa = PBXFileReference; includeInIndex = 1; lastKnownFileType = text.xcconfig; name = "Pods-Takiso.debug.xcconfig"; path = "Target Support Files/Pods-Takiso/Pods-Takiso.debug.xcconfig"; sourceTree = "<group>"; };
		F1FD77020D2763FF82FBD8F2 /* Pods_Takiso_TakisoUITests.framework */ = {isa = PBXFileReference; explicitFileType = wrapper.framework; includeInIndex = 0; path = Pods_Takiso_TakisoUITests.framework; sourceTree = BUILT_PRODUCTS_DIR; };
		F7F7FCD3041354C76B4CC02B /* Pods_Takiso.framework */ = {isa = PBXFileReference; explicitFileType = wrapper.framework; includeInIndex = 0; path = Pods_Takiso.framework; sourceTree = BUILT_PRODUCTS_DIR; };
/* End PBXFileReference section */

/* Begin PBXFrameworksBuildPhase section */
		983FCCB9248CCDAD00B9F064 /* Frameworks */ = {
			isa = PBXFrameworksBuildPhase;
			buildActionMask = 2147483647;
			files = (
				BDBC8147AA6577894E0B419C /* Pods_Takiso.framework in Frameworks */,
			);
			runOnlyForDeploymentPostprocessing = 0;
		};
		983FCCD2248CCDAE00B9F064 /* Frameworks */ = {
			isa = PBXFrameworksBuildPhase;
			buildActionMask = 2147483647;
			files = (
				A60258611368CDD354E15FFB /* Pods_TakisoTests.framework in Frameworks */,
			);
			runOnlyForDeploymentPostprocessing = 0;
		};
		983FCCDD248CCDAE00B9F064 /* Frameworks */ = {
			isa = PBXFrameworksBuildPhase;
			buildActionMask = 2147483647;
			files = (
				D8FF081D8E91B70EC293FEB5 /* Pods_Takiso_TakisoUITests.framework in Frameworks */,
			);
			runOnlyForDeploymentPostprocessing = 0;
		};
/* End PBXFrameworksBuildPhase section */

/* Begin PBXGroup section */
		5B3BE30D25BD18D1D46BFDCE /* Frameworks */ = {
			isa = PBXGroup;
			children = (
				F7F7FCD3041354C76B4CC02B /* Pods_Takiso.framework */,
				F1FD77020D2763FF82FBD8F2 /* Pods_Takiso_TakisoUITests.framework */,
				9B5EEE26B26F23FF43784344 /* Pods_TakisoTests.framework */,
			);
			name = Frameworks;
			sourceTree = "<group>";
		};
		65B1F6BC5FC8BD98B52F2A38 /* Pods */ = {
			isa = PBXGroup;
			children = (
				F0B25FFBF1158A397988B853 /* Pods-Takiso.debug.xcconfig */,
				68B15D3B38F2141E0D58539D /* Pods-Takiso.release.xcconfig */,
				3A3250C811FEAD3285C2F0FF /* Pods-Takiso-TakisoUITests.debug.xcconfig */,
				C49E0D829EAA726E9777D8E0 /* Pods-Takiso-TakisoUITests.release.xcconfig */,
				B5CB905F9A904456A33B0A22 /* Pods-TakisoTests.debug.xcconfig */,
				3807CE20746E644C8AFBE92B /* Pods-TakisoTests.release.xcconfig */,
			);
			path = Pods;
			sourceTree = "<group>";
		};
		983FCCB3248CCDAD00B9F064 = {
			isa = PBXGroup;
			children = (
				983FCCBE248CCDAD00B9F064 /* Takiso */,
				983FCCD8248CCDAE00B9F064 /* TakisoTests */,
				983FCCE3248CCDAE00B9F064 /* TakisoUITests */,
				983FCCBD248CCDAD00B9F064 /* Products */,
				65B1F6BC5FC8BD98B52F2A38 /* Pods */,
				5B3BE30D25BD18D1D46BFDCE /* Frameworks */,
			);
			sourceTree = "<group>";
		};
		983FCCBD248CCDAD00B9F064 /* Products */ = {
			isa = PBXGroup;
			children = (
				983FCCBC248CCDAD00B9F064 /* Takiso.app */,
				983FCCD5248CCDAE00B9F064 /* TakisoTests.xctest */,
				983FCCE0248CCDAE00B9F064 /* TakisoUITests.xctest */,
			);
			name = Products;
			sourceTree = "<group>";
		};
		983FCCBE248CCDAD00B9F064 /* Takiso */ = {
			isa = PBXGroup;
			children = (
				986BE7B7249546E50085E7F4 /* app */,
				986BE79C2493FA990085E7F4 /* utils */,
				986BE7992493EF360085E7F4 /* customDesignable */,
				986BE7A6249434E90085E7F4 /* base */,
				98C07E5D248D25B6002340FA /* coreNetwork */,
				98C07E5C248D2514002340FA /* featureAuth */,
				986BE7AC24953CDE0085E7F4 /* featureDashboard */,
				986BE7C024956EEF0085E7F4 /* featureWorkout */,
				983FCCC5248CCDAD00B9F064 /* Main.storyboard */,
				983FCCCB248CCDAE00B9F064 /* Assets.xcassets */,
				983FCCCD248CCDAE00B9F064 /* LaunchScreen.storyboard */,
				983FCCD0248CCDAE00B9F064 /* Info.plist */,
				983FCCC8248CCDAD00B9F064 /* Takiso.xcdatamodeld */,
				986BE7D1249577E20085E7F4 /* ExtentionUiViewController.swift */,
			);
			path = Takiso;
			sourceTree = "<group>";
		};
		983FCCD8248CCDAE00B9F064 /* TakisoTests */ = {
			isa = PBXGroup;
			children = (
				983FCCD9248CCDAE00B9F064 /* TakisoTests.swift */,
				983FCCDB248CCDAE00B9F064 /* Info.plist */,
			);
			path = TakisoTests;
			sourceTree = "<group>";
		};
		983FCCE3248CCDAE00B9F064 /* TakisoUITests */ = {
			isa = PBXGroup;
			children = (
				983FCCE4248CCDAE00B9F064 /* TakisoUITests.swift */,
				983FCCE6248CCDAE00B9F064 /* Info.plist */,
			);
			path = TakisoUITests;
			sourceTree = "<group>";
		};
		986BE7992493EF360085E7F4 /* customDesignable */ = {
			isa = PBXGroup;
			children = (
				986BE7972493EF300085E7F4 /* DesignableView.swift */,
				986BE7B5249544310085E7F4 /* CardView.swift */,
				987FA1FB249A7CF300787EF2 /* DynamicHeightCollectionView.swift */,
				987FA1FD249A8E2300787EF2 /* WrapperCollectionViewFlowLayout.swift */,
			);
			path = customDesignable;
			sourceTree = "<group>";
		};
		986BE79C2493FA990085E7F4 /* utils */ = {
			isa = PBXGroup;
			children = (
				986BE79A2493FA8F0085E7F4 /* Validator.swift */,
			);
			path = utils;
			sourceTree = "<group>";
		};
		986BE79D2493FE6D0085E7F4 /* ui */ = {
			isa = PBXGroup;
			children = (
				986BE7952492A7410085E7F4 /* AuthViewController.swift */,
				986BE79E2493FE880085E7F4 /* AuthViewModel.swift */,
				986BE7A02493FEA80085E7F4 /* AuthView.swift */,
			);
			path = ui;
			sourceTree = "<group>";
		};
		986BE7A6249434E90085E7F4 /* base */ = {
			isa = PBXGroup;
			children = (
				986BE7A22493FF110085E7F4 /* BaseViewModel.swift */,
				986BE7A4249434E30085E7F4 /* BaseView.swift */,
			);
			path = base;
			sourceTree = "<group>";
		};
		986BE7AC24953CDE0085E7F4 /* featureDashboard */ = {
			isa = PBXGroup;
			children = (
				986BE7B224953F3F0085E7F4 /* header */,
				986BE7AD24953CE90085E7F4 /* ui */,
			);
			path = featureDashboard;
			sourceTree = "<group>";
		};
		986BE7AD24953CE90085E7F4 /* ui */ = {
			isa = PBXGroup;
			children = (
				986BE7BA249547F70085E7F4 /* DashboardViewController.swift */,
			);
			path = ui;
			sourceTree = "<group>";
		};
		986BE7B224953F3F0085E7F4 /* header */ = {
			isa = PBXGroup;
			children = (
				986BE7B424953F560085E7F4 /* ui */,
			);
			path = header;
			sourceTree = "<group>";
		};
		986BE7B424953F560085E7F4 /* ui */ = {
			isa = PBXGroup;
			children = (
				986BE7B024953F350085E7F4 /* DashboardHeaderViewController.swift */,
			);
			path = ui;
			sourceTree = "<group>";
		};
		986BE7B7249546E50085E7F4 /* app */ = {
			isa = PBXGroup;
			children = (
				986BE7B82495475E0085E7F4 /* ViewController.swift */,
				983FCCBF248CCDAD00B9F064 /* AppDelegate.swift */,
				983FCCC1248CCDAD00B9F064 /* SceneDelegate.swift */,
				986BE7BC249548D50085E7F4 /* HomeViewController.swift */,
			);
			path = app;
			sourceTree = "<group>";
		};
		986BE7C024956EEF0085E7F4 /* featureWorkout */ = {
			isa = PBXGroup;
			children = (
				986BE7C224956F0C0085E7F4 /* ui */,
				986BE7C524956F350085E7F4 /* domain */,
				986BE7C824956F780085E7F4 /* entity */,
				986BE7CB249571310085E7F4 /* repo */,
			);
			path = featureWorkout;
			sourceTree = "<group>";
		};
		986BE7C224956F0C0085E7F4 /* ui */ = {
			isa = PBXGroup;
			children = (
				98D0D02824A734B700C52380 /* addExercise */,
				987FA1EE2499E1F500787EF2 /* exerciseItem */,
				98D0D02924A734D900C52380 /* FilterViewController.swift */,
				98D0D02B24A734E700C52380 /* FilterView.swift */,
				98D0D02D24A734F300C52380 /* FilterViewModel.swift */,
			);
			path = ui;
			sourceTree = "<group>";
		};
		986BE7C524956F350085E7F4 /* domain */ = {
			isa = PBXGroup;
			children = (
				986BE7C324956F280085E7F4 /* WorkoutManager.swift */,
			);
			path = domain;
			sourceTree = "<group>";
		};
		986BE7C824956F780085E7F4 /* entity */ = {
			isa = PBXGroup;
			children = (
				986BE7C624956F710085E7F4 /* WorkoutEntity.swift */,
			);
			path = entity;
			sourceTree = "<group>";
		};
		986BE7CB249571310085E7F4 /* repo */ = {
			isa = PBXGroup;
			children = (
				986BE7C92495712B0085E7F4 /* RemoteExerciseRepo.swift */,
				986BE7CE249572E30085E7F4 /* entity */,
				98D0D02324A5E7F000C52380 /* local */,
			);
			path = repo;
			sourceTree = "<group>";
		};
		986BE7CE249572E30085E7F4 /* entity */ = {
			isa = PBXGroup;
			children = (
				986BE7CC249572DF0085E7F4 /* NetworkEntity.swift */,
			);
			path = entity;
			sourceTree = "<group>";
		};
		987FA1EE2499E1F500787EF2 /* exerciseItem */ = {
			isa = PBXGroup;
			children = (
				987FA1EA2499DC1700787EF2 /* AddExerciseTableViewCell.swift */,
				987FA1EB2499DC1700787EF2 /* AddExerciseTableViewCell.xib */,
				987FA1F32499E23D00787EF2 /* BodyPartViewCell.swift */,
				987FA1F42499E23D00787EF2 /* BodyPartViewCell.xib */,
			);
			path = exerciseItem;
			sourceTree = "<group>";
		};
		98C07E5C248D2514002340FA /* featureAuth */ = {
			isa = PBXGroup;
			children = (
				98C07E5E248D261F002340FA /* repo */,
				98C07E5F248D2628002340FA /* entity */,
				98C07E60248D2638002340FA /* domain */,
				98C07E61248D2661002340FA /* AuthModule.swift */,
				986BE79D2493FE6D0085E7F4 /* ui */,
			);
			path = featureAuth;
			sourceTree = "<group>";
		};
		98C07E5D248D25B6002340FA /* coreNetwork */ = {
			isa = PBXGroup;
			children = (
				983FCD05248CD42600B9F064 /* NetworkConstants.swift */,
				98C07E5A248CD870002340FA /* NetworkClient.swift */,
				983FCD00248CD2EF00B9F064 /* NetworkResponse.swift */,
				986BE7A72494D58E0085E7F4 /* NetworkExceptions.swift */,
			);
			path = coreNetwork;
			sourceTree = "<group>";
		};
		98C07E5E248D261F002340FA /* repo */ = {
			isa = PBXGroup;
			children = (
				983FCCFD248CD17800B9F064 /* RemoteUserRepo.swift */,
				983FCCF9248CD03E00B9F064 /* LocalUserRepo.swift */,
			);
			path = repo;
			sourceTree = "<group>";
		};
		98C07E5F248D2628002340FA /* entity */ = {
			isa = PBXGroup;
			children = (
				983FCD03248CD3BA00B9F064 /* NetworkAuthSuccessResponse.swift */,
				983FCCF6248CCEE300B9F064 /* UserEntity.swift */,
			);
			path = entity;
			sourceTree = "<group>";
		};
		98C07E60248D2638002340FA /* domain */ = {
			isa = PBXGroup;
			children = (
				983FCCF4248CCE9100B9F064 /* AuthManager.swift */,
			);
			path = domain;
			sourceTree = "<group>";
		};
		98D0D02324A5E7F000C52380 /* local */ = {
			isa = PBXGroup;
			children = (
				9868656B24A085EC00D46E1A /* LocalExerciseRepo.swift */,
				98D0D02424A5E82100C52380 /* BodyPartsLocalRepo.swift */,
				98D0D02624A5F72E00C52380 /* EquipmentsLocalRepo.swift */,
			);
			path = local;
			sourceTree = "<group>";
		};
		98D0D02824A734B700C52380 /* addExercise */ = {
			isa = PBXGroup;
			children = (
				986BE7BE24956EEA0085E7F4 /* AddExerciseViewController.swift */,
				986BE7CF249577210085E7F4 /* AddExerciseView.swift */,
				986BE7D32495786A0085E7F4 /* AddExerciseViewModel.swift */,
			);
			path = addExercise;
			sourceTree = "<group>";
		};
/* End PBXGroup section */

/* Begin PBXNativeTarget section */
		983FCCBB248CCDAD00B9F064 /* Takiso */ = {
			isa = PBXNativeTarget;
			buildConfigurationList = 983FCCE9248CCDAE00B9F064 /* Build configuration list for PBXNativeTarget "Takiso" */;
			buildPhases = (
				C19AC253AF47765CB37F6613 /* [CP] Check Pods Manifest.lock */,
				983FCCB8248CCDAD00B9F064 /* Sources */,
				983FCCB9248CCDAD00B9F064 /* Frameworks */,
				983FCCBA248CCDAD00B9F064 /* Resources */,
				7E2B0BDA61C8763DE0317608 /* [CP] Embed Pods Frameworks */,
			);
			buildRules = (
			);
			dependencies = (
			);
			name = Takiso;
			productName = Takiso;
			productReference = 983FCCBC248CCDAD00B9F064 /* Takiso.app */;
			productType = "com.apple.product-type.application";
		};
		983FCCD4248CCDAE00B9F064 /* TakisoTests */ = {
			isa = PBXNativeTarget;
			buildConfigurationList = 983FCCEC248CCDAE00B9F064 /* Build configuration list for PBXNativeTarget "TakisoTests" */;
			buildPhases = (
				BAFCC978786377CED8CB1619 /* [CP] Check Pods Manifest.lock */,
				983FCCD1248CCDAE00B9F064 /* Sources */,
				983FCCD2248CCDAE00B9F064 /* Frameworks */,
				983FCCD3248CCDAE00B9F064 /* Resources */,
			);
			buildRules = (
			);
			dependencies = (
				983FCCD7248CCDAE00B9F064 /* PBXTargetDependency */,
			);
			name = TakisoTests;
			productName = TakisoTests;
			productReference = 983FCCD5248CCDAE00B9F064 /* TakisoTests.xctest */;
			productType = "com.apple.product-type.bundle.unit-test";
		};
		983FCCDF248CCDAE00B9F064 /* TakisoUITests */ = {
			isa = PBXNativeTarget;
			buildConfigurationList = 983FCCEF248CCDAE00B9F064 /* Build configuration list for PBXNativeTarget "TakisoUITests" */;
			buildPhases = (
				74715B3FE8AE32A4D06B717D /* [CP] Check Pods Manifest.lock */,
				983FCCDC248CCDAE00B9F064 /* Sources */,
				983FCCDD248CCDAE00B9F064 /* Frameworks */,
				983FCCDE248CCDAE00B9F064 /* Resources */,
				1C7557273E061F2236FD48A7 /* [CP] Embed Pods Frameworks */,
			);
			buildRules = (
			);
			dependencies = (
				983FCCE2248CCDAE00B9F064 /* PBXTargetDependency */,
			);
			name = TakisoUITests;
			productName = TakisoUITests;
			productReference = 983FCCE0248CCDAE00B9F064 /* TakisoUITests.xctest */;
			productType = "com.apple.product-type.bundle.ui-testing";
		};
/* End PBXNativeTarget section */

/* Begin PBXProject section */
		983FCCB4248CCDAD00B9F064 /* Project object */ = {
			isa = PBXProject;
			attributes = {
				LastSwiftUpdateCheck = 1130;
				LastUpgradeCheck = 1130;
				ORGANIZATIONNAME = "Pannu, Hitender";
				TargetAttributes = {
					983FCCBB248CCDAD00B9F064 = {
						CreatedOnToolsVersion = 11.3.1;
					};
					983FCCD4248CCDAE00B9F064 = {
						CreatedOnToolsVersion = 11.3.1;
						TestTargetID = 983FCCBB248CCDAD00B9F064;
					};
					983FCCDF248CCDAE00B9F064 = {
						CreatedOnToolsVersion = 11.3.1;
						TestTargetID = 983FCCBB248CCDAD00B9F064;
					};
				};
			};
			buildConfigurationList = 983FCCB7248CCDAD00B9F064 /* Build configuration list for PBXProject "Takiso" */;
			compatibilityVersion = "Xcode 9.3";
			developmentRegion = en;
			hasScannedForEncodings = 0;
			knownRegions = (
				en,
				Base,
			);
			mainGroup = 983FCCB3248CCDAD00B9F064;
			productRefGroup = 983FCCBD248CCDAD00B9F064 /* Products */;
			projectDirPath = "";
			projectRoot = "";
			targets = (
				983FCCBB248CCDAD00B9F064 /* Takiso */,
				983FCCD4248CCDAE00B9F064 /* TakisoTests */,
				983FCCDF248CCDAE00B9F064 /* TakisoUITests */,
			);
		};
/* End PBXProject section */

/* Begin PBXResourcesBuildPhase section */
		983FCCBA248CCDAD00B9F064 /* Resources */ = {
			isa = PBXResourcesBuildPhase;
			buildActionMask = 2147483647;
			files = (
				983FCCCF248CCDAE00B9F064 /* LaunchScreen.storyboard in Resources */,
				987FA1ED2499DC1700787EF2 /* AddExerciseTableViewCell.xib in Resources */,
				983FCCCC248CCDAE00B9F064 /* Assets.xcassets in Resources */,
				987FA1F62499E23D00787EF2 /* BodyPartViewCell.xib in Resources */,
				983FCCC7248CCDAD00B9F064 /* Main.storyboard in Resources */,
			);
			runOnlyForDeploymentPostprocessing = 0;
		};
		983FCCD3248CCDAE00B9F064 /* Resources */ = {
			isa = PBXResourcesBuildPhase;
			buildActionMask = 2147483647;
			files = (
			);
			runOnlyForDeploymentPostprocessing = 0;
		};
		983FCCDE248CCDAE00B9F064 /* Resources */ = {
			isa = PBXResourcesBuildPhase;
			buildActionMask = 2147483647;
			files = (
			);
			runOnlyForDeploymentPostprocessing = 0;
		};
/* End PBXResourcesBuildPhase section */

/* Begin PBXShellScriptBuildPhase section */
		1C7557273E061F2236FD48A7 /* [CP] Embed Pods Frameworks */ = {
			isa = PBXShellScriptBuildPhase;
			buildActionMask = 2147483647;
			files = (
			);
			inputFileListPaths = (
				"${PODS_ROOT}/Target Support Files/Pods-Takiso-TakisoUITests/Pods-Takiso-TakisoUITests-frameworks-${CONFIGURATION}-input-files.xcfilelist",
			);
			name = "[CP] Embed Pods Frameworks";
			outputFileListPaths = (
				"${PODS_ROOT}/Target Support Files/Pods-Takiso-TakisoUITests/Pods-Takiso-TakisoUITests-frameworks-${CONFIGURATION}-output-files.xcfilelist",
			);
			runOnlyForDeploymentPostprocessing = 0;
			shellPath = /bin/sh;
			shellScript = "\"${PODS_ROOT}/Target Support Files/Pods-Takiso-TakisoUITests/Pods-Takiso-TakisoUITests-frameworks.sh\"\n";
			showEnvVarsInLog = 0;
		};
		74715B3FE8AE32A4D06B717D /* [CP] Check Pods Manifest.lock */ = {
			isa = PBXShellScriptBuildPhase;
			buildActionMask = 2147483647;
			files = (
			);
			inputFileListPaths = (
			);
			inputPaths = (
				"${PODS_PODFILE_DIR_PATH}/Podfile.lock",
				"${PODS_ROOT}/Manifest.lock",
			);
			name = "[CP] Check Pods Manifest.lock";
			outputFileListPaths = (
			);
			outputPaths = (
				"$(DERIVED_FILE_DIR)/Pods-Takiso-TakisoUITests-checkManifestLockResult.txt",
			);
			runOnlyForDeploymentPostprocessing = 0;
			shellPath = /bin/sh;
			shellScript = "diff \"${PODS_PODFILE_DIR_PATH}/Podfile.lock\" \"${PODS_ROOT}/Manifest.lock\" > /dev/null\nif [ $? != 0 ] ; then\n    # print error to STDERR\n    echo \"error: The sandbox is not in sync with the Podfile.lock. Run 'pod install' or update your CocoaPods installation.\" >&2\n    exit 1\nfi\n# This output is used by Xcode 'outputs' to avoid re-running this script phase.\necho \"SUCCESS\" > \"${SCRIPT_OUTPUT_FILE_0}\"\n";
			showEnvVarsInLog = 0;
		};
		7E2B0BDA61C8763DE0317608 /* [CP] Embed Pods Frameworks */ = {
			isa = PBXShellScriptBuildPhase;
			buildActionMask = 2147483647;
			files = (
			);
			inputFileListPaths = (
				"${PODS_ROOT}/Target Support Files/Pods-Takiso/Pods-Takiso-frameworks-${CONFIGURATION}-input-files.xcfilelist",
			);
			name = "[CP] Embed Pods Frameworks";
			outputFileListPaths = (
				"${PODS_ROOT}/Target Support Files/Pods-Takiso/Pods-Takiso-frameworks-${CONFIGURATION}-output-files.xcfilelist",
			);
			runOnlyForDeploymentPostprocessing = 0;
			shellPath = /bin/sh;
			shellScript = "\"${PODS_ROOT}/Target Support Files/Pods-Takiso/Pods-Takiso-frameworks.sh\"\n";
			showEnvVarsInLog = 0;
		};
		BAFCC978786377CED8CB1619 /* [CP] Check Pods Manifest.lock */ = {
			isa = PBXShellScriptBuildPhase;
			buildActionMask = 2147483647;
			files = (
			);
			inputFileListPaths = (
			);
			inputPaths = (
				"${PODS_PODFILE_DIR_PATH}/Podfile.lock",
				"${PODS_ROOT}/Manifest.lock",
			);
			name = "[CP] Check Pods Manifest.lock";
			outputFileListPaths = (
			);
			outputPaths = (
				"$(DERIVED_FILE_DIR)/Pods-TakisoTests-checkManifestLockResult.txt",
			);
			runOnlyForDeploymentPostprocessing = 0;
			shellPath = /bin/sh;
			shellScript = "diff \"${PODS_PODFILE_DIR_PATH}/Podfile.lock\" \"${PODS_ROOT}/Manifest.lock\" > /dev/null\nif [ $? != 0 ] ; then\n    # print error to STDERR\n    echo \"error: The sandbox is not in sync with the Podfile.lock. Run 'pod install' or update your CocoaPods installation.\" >&2\n    exit 1\nfi\n# This output is used by Xcode 'outputs' to avoid re-running this script phase.\necho \"SUCCESS\" > \"${SCRIPT_OUTPUT_FILE_0}\"\n";
			showEnvVarsInLog = 0;
		};
		C19AC253AF47765CB37F6613 /* [CP] Check Pods Manifest.lock */ = {
			isa = PBXShellScriptBuildPhase;
			buildActionMask = 2147483647;
			files = (
			);
			inputFileListPaths = (
			);
			inputPaths = (
				"${PODS_PODFILE_DIR_PATH}/Podfile.lock",
				"${PODS_ROOT}/Manifest.lock",
			);
			name = "[CP] Check Pods Manifest.lock";
			outputFileListPaths = (
			);
			outputPaths = (
				"$(DERIVED_FILE_DIR)/Pods-Takiso-checkManifestLockResult.txt",
			);
			runOnlyForDeploymentPostprocessing = 0;
			shellPath = /bin/sh;
			shellScript = "diff \"${PODS_PODFILE_DIR_PATH}/Podfile.lock\" \"${PODS_ROOT}/Manifest.lock\" > /dev/null\nif [ $? != 0 ] ; then\n    # print error to STDERR\n    echo \"error: The sandbox is not in sync with the Podfile.lock. Run 'pod install' or update your CocoaPods installation.\" >&2\n    exit 1\nfi\n# This output is used by Xcode 'outputs' to avoid re-running this script phase.\necho \"SUCCESS\" > \"${SCRIPT_OUTPUT_FILE_0}\"\n";
			showEnvVarsInLog = 0;
		};
/* End PBXShellScriptBuildPhase section */

/* Begin PBXSourcesBuildPhase section */
		983FCCB8248CCDAD00B9F064 /* Sources */ = {
			isa = PBXSourcesBuildPhase;
			buildActionMask = 2147483647;
			files = (
				986BE7CA2495712B0085E7F4 /* RemoteExerciseRepo.swift in Sources */,
				986BE7BD249548D50085E7F4 /* HomeViewController.swift in Sources */,
				986BE79B2493FA8F0085E7F4 /* Validator.swift in Sources */,
				983FCCFE248CD17800B9F064 /* RemoteUserRepo.swift in Sources */,
				98C07E62248D2661002340FA /* AuthModule.swift in Sources */,
				983FCD06248CD42600B9F064 /* NetworkConstants.swift in Sources */,
				983FCCF7248CCEE300B9F064 /* UserEntity.swift in Sources */,
				986BE7B92495475E0085E7F4 /* ViewController.swift in Sources */,
				983FCCC0248CCDAD00B9F064 /* AppDelegate.swift in Sources */,
				986BE7BB249547F70085E7F4 /* DashboardViewController.swift in Sources */,
				986BE7A5249434E30085E7F4 /* BaseView.swift in Sources */,
				987FA1FC249A7CF300787EF2 /* DynamicHeightCollectionView.swift in Sources */,
				986BE79F2493FE880085E7F4 /* AuthViewModel.swift in Sources */,
				986BE7C424956F280085E7F4 /* WorkoutManager.swift in Sources */,
				986BE7CD249572DF0085E7F4 /* NetworkEntity.swift in Sources */,
				986BE7A82494D58E0085E7F4 /* NetworkExceptions.swift in Sources */,
				98D0D02724A5F72E00C52380 /* EquipmentsLocalRepo.swift in Sources */,
				98D0D02A24A734D900C52380 /* FilterViewController.swift in Sources */,
				986BE7B124953F350085E7F4 /* DashboardHeaderViewController.swift in Sources */,
				986BE7A12493FEA80085E7F4 /* AuthView.swift in Sources */,
				983FCCFA248CD03E00B9F064 /* LocalUserRepo.swift in Sources */,
				983FCD01248CD2EF00B9F064 /* NetworkResponse.swift in Sources */,
				986BE7982493EF300085E7F4 /* DesignableView.swift in Sources */,
				986BE7D42495786A0085E7F4 /* AddExerciseViewModel.swift in Sources */,
				983FCCCA248CCDAD00B9F064 /* Takiso.xcdatamodeld in Sources */,
				986BE7D2249577E20085E7F4 /* ExtentionUiViewController.swift in Sources */,
				987FA1FE249A8E2300787EF2 /* WrapperCollectionViewFlowLayout.swift in Sources */,
				983FCCC2248CCDAD00B9F064 /* SceneDelegate.swift in Sources */,
				98D0D02C24A734E700C52380 /* FilterView.swift in Sources */,
				98D0D02524A5E82100C52380 /* BodyPartsLocalRepo.swift in Sources */,
				986BE7A32493FF110085E7F4 /* BaseViewModel.swift in Sources */,
				986BE7B6249544310085E7F4 /* CardView.swift in Sources */,
				986BE7C724956F710085E7F4 /* WorkoutEntity.swift in Sources */,
				9868656C24A085EC00D46E1A /* LocalExerciseRepo.swift in Sources */,
				987FA1F52499E23D00787EF2 /* BodyPartViewCell.swift in Sources */,
				986BE7962492A7410085E7F4 /* AuthViewController.swift in Sources */,
				983FCD04248CD3BA00B9F064 /* NetworkAuthSuccessResponse.swift in Sources */,
				987FA1EC2499DC1700787EF2 /* AddExerciseTableViewCell.swift in Sources */,
				983FCCF5248CCE9100B9F064 /* AuthManager.swift in Sources */,
				986BE7BF24956EEA0085E7F4 /* AddExerciseViewController.swift in Sources */,
				98C07E5B248CD870002340FA /* NetworkClient.swift in Sources */,
				986BE7D0249577210085E7F4 /* AddExerciseView.swift in Sources */,
				98D0D02E24A734F300C52380 /* FilterViewModel.swift in Sources */,
			);
			runOnlyForDeploymentPostprocessing = 0;
		};
		983FCCD1248CCDAE00B9F064 /* Sources */ = {
			isa = PBXSourcesBuildPhase;
			buildActionMask = 2147483647;
			files = (
				983FCCDA248CCDAE00B9F064 /* TakisoTests.swift in Sources */,
			);
			runOnlyForDeploymentPostprocessing = 0;
		};
		983FCCDC248CCDAE00B9F064 /* Sources */ = {
			isa = PBXSourcesBuildPhase;
			buildActionMask = 2147483647;
			files = (
				983FCCE5248CCDAE00B9F064 /* TakisoUITests.swift in Sources */,
			);
			runOnlyForDeploymentPostprocessing = 0;
		};
/* End PBXSourcesBuildPhase section */

/* Begin PBXTargetDependency section */
		983FCCD7248CCDAE00B9F064 /* PBXTargetDependency */ = {
			isa = PBXTargetDependency;
			target = 983FCCBB248CCDAD00B9F064 /* Takiso */;
			targetProxy = 983FCCD6248CCDAE00B9F064 /* PBXContainerItemProxy */;
		};
		983FCCE2248CCDAE00B9F064 /* PBXTargetDependency */ = {
			isa = PBXTargetDependency;
			target = 983FCCBB248CCDAD00B9F064 /* Takiso */;
			targetProxy = 983FCCE1248CCDAE00B9F064 /* PBXContainerItemProxy */;
		};
/* End PBXTargetDependency section */

/* Begin PBXVariantGroup section */
		983FCCC5248CCDAD00B9F064 /* Main.storyboard */ = {
			isa = PBXVariantGroup;
			children = (
				983FCCC6248CCDAD00B9F064 /* Base */,
			);
			name = Main.storyboard;
			sourceTree = "<group>";
		};
		983FCCCD248CCDAE00B9F064 /* LaunchScreen.storyboard */ = {
			isa = PBXVariantGroup;
			children = (
				983FCCCE248CCDAE00B9F064 /* Base */,
			);
			name = LaunchScreen.storyboard;
			sourceTree = "<group>";
		};
/* End PBXVariantGroup section */

/* Begin XCBuildConfiguration section */
		983FCCE7248CCDAE00B9F064 /* Debug */ = {
			isa = XCBuildConfiguration;
			buildSettings = {
				ALWAYS_SEARCH_USER_PATHS = NO;
				CLANG_ANALYZER_NONNULL = YES;
				CLANG_ANALYZER_NUMBER_OBJECT_CONVERSION = YES_AGGRESSIVE;
				CLANG_CXX_LANGUAGE_STANDARD = "gnu++14";
				CLANG_CXX_LIBRARY = "libc++";
				CLANG_ENABLE_MODULES = YES;
				CLANG_ENABLE_OBJC_ARC = YES;
				CLANG_ENABLE_OBJC_WEAK = YES;
				CLANG_WARN_BLOCK_CAPTURE_AUTORELEASING = YES;
				CLANG_WARN_BOOL_CONVERSION = YES;
				CLANG_WARN_COMMA = YES;
				CLANG_WARN_CONSTANT_CONVERSION = YES;
				CLANG_WARN_DEPRECATED_OBJC_IMPLEMENTATIONS = YES;
				CLANG_WARN_DIRECT_OBJC_ISA_USAGE = YES_ERROR;
				CLANG_WARN_DOCUMENTATION_COMMENTS = YES;
				CLANG_WARN_EMPTY_BODY = YES;
				CLANG_WARN_ENUM_CONVERSION = YES;
				CLANG_WARN_INFINITE_RECURSION = YES;
				CLANG_WARN_INT_CONVERSION = YES;
				CLANG_WARN_NON_LITERAL_NULL_CONVERSION = YES;
				CLANG_WARN_OBJC_IMPLICIT_RETAIN_SELF = YES;
				CLANG_WARN_OBJC_LITERAL_CONVERSION = YES;
				CLANG_WARN_OBJC_ROOT_CLASS = YES_ERROR;
				CLANG_WARN_RANGE_LOOP_ANALYSIS = YES;
				CLANG_WARN_STRICT_PROTOTYPES = YES;
				CLANG_WARN_SUSPICIOUS_MOVE = YES;
				CLANG_WARN_UNGUARDED_AVAILABILITY = YES_AGGRESSIVE;
				CLANG_WARN_UNREACHABLE_CODE = YES;
				CLANG_WARN__DUPLICATE_METHOD_MATCH = YES;
				COPY_PHASE_STRIP = NO;
				DEBUG_INFORMATION_FORMAT = dwarf;
				ENABLE_STRICT_OBJC_MSGSEND = YES;
				ENABLE_TESTABILITY = YES;
				GCC_C_LANGUAGE_STANDARD = gnu11;
				GCC_DYNAMIC_NO_PIC = NO;
				GCC_NO_COMMON_BLOCKS = YES;
				GCC_OPTIMIZATION_LEVEL = 0;
				GCC_PREPROCESSOR_DEFINITIONS = (
					"DEBUG=1",
					"$(inherited)",
				);
				GCC_WARN_64_TO_32_BIT_CONVERSION = YES;
				GCC_WARN_ABOUT_RETURN_TYPE = YES_ERROR;
				GCC_WARN_UNDECLARED_SELECTOR = YES;
				GCC_WARN_UNINITIALIZED_AUTOS = YES_AGGRESSIVE;
				GCC_WARN_UNUSED_FUNCTION = YES;
				GCC_WARN_UNUSED_VARIABLE = YES;
				IPHONEOS_DEPLOYMENT_TARGET = 13.2;
				MTL_ENABLE_DEBUG_INFO = INCLUDE_SOURCE;
				MTL_FAST_MATH = YES;
				ONLY_ACTIVE_ARCH = YES;
				SDKROOT = iphoneos;
				SWIFT_ACTIVE_COMPILATION_CONDITIONS = DEBUG;
				SWIFT_OPTIMIZATION_LEVEL = "-Onone";
			};
			name = Debug;
		};
		983FCCE8248CCDAE00B9F064 /* Release */ = {
			isa = XCBuildConfiguration;
			buildSettings = {
				ALWAYS_SEARCH_USER_PATHS = NO;
				CLANG_ANALYZER_NONNULL = YES;
				CLANG_ANALYZER_NUMBER_OBJECT_CONVERSION = YES_AGGRESSIVE;
				CLANG_CXX_LANGUAGE_STANDARD = "gnu++14";
				CLANG_CXX_LIBRARY = "libc++";
				CLANG_ENABLE_MODULES = YES;
				CLANG_ENABLE_OBJC_ARC = YES;
				CLANG_ENABLE_OBJC_WEAK = YES;
				CLANG_WARN_BLOCK_CAPTURE_AUTORELEASING = YES;
				CLANG_WARN_BOOL_CONVERSION = YES;
				CLANG_WARN_COMMA = YES;
				CLANG_WARN_CONSTANT_CONVERSION = YES;
				CLANG_WARN_DEPRECATED_OBJC_IMPLEMENTATIONS = YES;
				CLANG_WARN_DIRECT_OBJC_ISA_USAGE = YES_ERROR;
				CLANG_WARN_DOCUMENTATION_COMMENTS = YES;
				CLANG_WARN_EMPTY_BODY = YES;
				CLANG_WARN_ENUM_CONVERSION = YES;
				CLANG_WARN_INFINITE_RECURSION = YES;
				CLANG_WARN_INT_CONVERSION = YES;
				CLANG_WARN_NON_LITERAL_NULL_CONVERSION = YES;
				CLANG_WARN_OBJC_IMPLICIT_RETAIN_SELF = YES;
				CLANG_WARN_OBJC_LITERAL_CONVERSION = YES;
				CLANG_WARN_OBJC_ROOT_CLASS = YES_ERROR;
				CLANG_WARN_RANGE_LOOP_ANALYSIS = YES;
				CLANG_WARN_STRICT_PROTOTYPES = YES;
				CLANG_WARN_SUSPICIOUS_MOVE = YES;
				CLANG_WARN_UNGUARDED_AVAILABILITY = YES_AGGRESSIVE;
				CLANG_WARN_UNREACHABLE_CODE = YES;
				CLANG_WARN__DUPLICATE_METHOD_MATCH = YES;
				COPY_PHASE_STRIP = NO;
				DEBUG_INFORMATION_FORMAT = "dwarf-with-dsym";
				ENABLE_NS_ASSERTIONS = NO;
				ENABLE_STRICT_OBJC_MSGSEND = YES;
				GCC_C_LANGUAGE_STANDARD = gnu11;
				GCC_NO_COMMON_BLOCKS = YES;
				GCC_WARN_64_TO_32_BIT_CONVERSION = YES;
				GCC_WARN_ABOUT_RETURN_TYPE = YES_ERROR;
				GCC_WARN_UNDECLARED_SELECTOR = YES;
				GCC_WARN_UNINITIALIZED_AUTOS = YES_AGGRESSIVE;
				GCC_WARN_UNUSED_FUNCTION = YES;
				GCC_WARN_UNUSED_VARIABLE = YES;
				IPHONEOS_DEPLOYMENT_TARGET = 13.2;
				MTL_ENABLE_DEBUG_INFO = NO;
				MTL_FAST_MATH = YES;
				SDKROOT = iphoneos;
				SWIFT_COMPILATION_MODE = wholemodule;
				SWIFT_OPTIMIZATION_LEVEL = "-O";
				VALIDATE_PRODUCT = YES;
			};
			name = Release;
		};
		983FCCEA248CCDAE00B9F064 /* Debug */ = {
			isa = XCBuildConfiguration;
			baseConfigurationReference = F0B25FFBF1158A397988B853 /* Pods-Takiso.debug.xcconfig */;
			buildSettings = {
				ASSETCATALOG_COMPILER_APPICON_NAME = AppIcon;
				CODE_SIGN_STYLE = Automatic;
				DEVELOPMENT_TEAM = WF84596M59;
				INFOPLIST_FILE = Takiso/Info.plist;
				LD_RUNPATH_SEARCH_PATHS = (
					"$(inherited)",
					"@executable_path/Frameworks",
				);
				PRODUCT_BUNDLE_IDENTIFIER = com.hitenderpannu.Takiso;
				PRODUCT_NAME = "$(TARGET_NAME)";
				SWIFT_VERSION = 5.0;
				TARGETED_DEVICE_FAMILY = "1,2";
			};
			name = Debug;
		};
		983FCCEB248CCDAE00B9F064 /* Release */ = {
			isa = XCBuildConfiguration;
			baseConfigurationReference = 68B15D3B38F2141E0D58539D /* Pods-Takiso.release.xcconfig */;
			buildSettings = {
				ASSETCATALOG_COMPILER_APPICON_NAME = AppIcon;
				CODE_SIGN_STYLE = Automatic;
				DEVELOPMENT_TEAM = WF84596M59;
				INFOPLIST_FILE = Takiso/Info.plist;
				LD_RUNPATH_SEARCH_PATHS = (
					"$(inherited)",
					"@executable_path/Frameworks",
				);
				PRODUCT_BUNDLE_IDENTIFIER = com.hitenderpannu.Takiso;
				PRODUCT_NAME = "$(TARGET_NAME)";
				SWIFT_VERSION = 5.0;
				TARGETED_DEVICE_FAMILY = "1,2";
			};
			name = Release;
		};
		983FCCED248CCDAE00B9F064 /* Debug */ = {
			isa = XCBuildConfiguration;
			baseConfigurationReference = B5CB905F9A904456A33B0A22 /* Pods-TakisoTests.debug.xcconfig */;
			buildSettings = {
				ALWAYS_EMBED_SWIFT_STANDARD_LIBRARIES = YES;
				BUNDLE_LOADER = "$(TEST_HOST)";
				CODE_SIGN_STYLE = Automatic;
				DEVELOPMENT_TEAM = WF84596M59;
				INFOPLIST_FILE = TakisoTests/Info.plist;
				IPHONEOS_DEPLOYMENT_TARGET = 13.2;
				LD_RUNPATH_SEARCH_PATHS = (
					"$(inherited)",
					"@executable_path/Frameworks",
					"@loader_path/Frameworks",
				);
				PRODUCT_BUNDLE_IDENTIFIER = com.hitenderpannu.TakisoTests;
				PRODUCT_NAME = "$(TARGET_NAME)";
				SWIFT_VERSION = 5.0;
				TARGETED_DEVICE_FAMILY = "1,2";
				TEST_HOST = "$(BUILT_PRODUCTS_DIR)/Takiso.app/Takiso";
			};
			name = Debug;
		};
		983FCCEE248CCDAE00B9F064 /* Release */ = {
			isa = XCBuildConfiguration;
			baseConfigurationReference = 3807CE20746E644C8AFBE92B /* Pods-TakisoTests.release.xcconfig */;
			buildSettings = {
				ALWAYS_EMBED_SWIFT_STANDARD_LIBRARIES = YES;
				BUNDLE_LOADER = "$(TEST_HOST)";
				CODE_SIGN_STYLE = Automatic;
				DEVELOPMENT_TEAM = WF84596M59;
				INFOPLIST_FILE = TakisoTests/Info.plist;
				IPHONEOS_DEPLOYMENT_TARGET = 13.2;
				LD_RUNPATH_SEARCH_PATHS = (
					"$(inherited)",
					"@executable_path/Frameworks",
					"@loader_path/Frameworks",
				);
				PRODUCT_BUNDLE_IDENTIFIER = com.hitenderpannu.TakisoTests;
				PRODUCT_NAME = "$(TARGET_NAME)";
				SWIFT_VERSION = 5.0;
				TARGETED_DEVICE_FAMILY = "1,2";
				TEST_HOST = "$(BUILT_PRODUCTS_DIR)/Takiso.app/Takiso";
			};
			name = Release;
		};
		983FCCF0248CCDAE00B9F064 /* Debug */ = {
			isa = XCBuildConfiguration;
			baseConfigurationReference = 3A3250C811FEAD3285C2F0FF /* Pods-Takiso-TakisoUITests.debug.xcconfig */;
			buildSettings = {
				ALWAYS_EMBED_SWIFT_STANDARD_LIBRARIES = YES;
				CODE_SIGN_STYLE = Automatic;
				DEVELOPMENT_TEAM = WF84596M59;
				INFOPLIST_FILE = TakisoUITests/Info.plist;
				LD_RUNPATH_SEARCH_PATHS = (
					"$(inherited)",
					"@executable_path/Frameworks",
					"@loader_path/Frameworks",
				);
				PRODUCT_BUNDLE_IDENTIFIER = com.hitenderpannu.TakisoUITests;
				PRODUCT_NAME = "$(TARGET_NAME)";
				SWIFT_VERSION = 5.0;
				TARGETED_DEVICE_FAMILY = "1,2";
				TEST_TARGET_NAME = Takiso;
			};
			name = Debug;
		};
		983FCCF1248CCDAE00B9F064 /* Release */ = {
			isa = XCBuildConfiguration;
			baseConfigurationReference = C49E0D829EAA726E9777D8E0 /* Pods-Takiso-TakisoUITests.release.xcconfig */;
			buildSettings = {
				ALWAYS_EMBED_SWIFT_STANDARD_LIBRARIES = YES;
				CODE_SIGN_STYLE = Automatic;
				DEVELOPMENT_TEAM = WF84596M59;
				INFOPLIST_FILE = TakisoUITests/Info.plist;
				LD_RUNPATH_SEARCH_PATHS = (
					"$(inherited)",
					"@executable_path/Frameworks",
					"@loader_path/Frameworks",
				);
				PRODUCT_BUNDLE_IDENTIFIER = com.hitenderpannu.TakisoUITests;
				PRODUCT_NAME = "$(TARGET_NAME)";
				SWIFT_VERSION = 5.0;
				TARGETED_DEVICE_FAMILY = "1,2";
				TEST_TARGET_NAME = Takiso;
			};
			name = Release;
		};
/* End XCBuildConfiguration section */

/* Begin XCConfigurationList section */
		983FCCB7248CCDAD00B9F064 /* Build configuration list for PBXProject "Takiso" */ = {
			isa = XCConfigurationList;
			buildConfigurations = (
				983FCCE7248CCDAE00B9F064 /* Debug */,
				983FCCE8248CCDAE00B9F064 /* Release */,
			);
			defaultConfigurationIsVisible = 0;
			defaultConfigurationName = Release;
		};
		983FCCE9248CCDAE00B9F064 /* Build configuration list for PBXNativeTarget "Takiso" */ = {
			isa = XCConfigurationList;
			buildConfigurations = (
				983FCCEA248CCDAE00B9F064 /* Debug */,
				983FCCEB248CCDAE00B9F064 /* Release */,
			);
			defaultConfigurationIsVisible = 0;
			defaultConfigurationName = Release;
		};
		983FCCEC248CCDAE00B9F064 /* Build configuration list for PBXNativeTarget "TakisoTests" */ = {
			isa = XCConfigurationList;
			buildConfigurations = (
				983FCCED248CCDAE00B9F064 /* Debug */,
				983FCCEE248CCDAE00B9F064 /* Release */,
			);
			defaultConfigurationIsVisible = 0;
			defaultConfigurationName = Release;
		};
		983FCCEF248CCDAE00B9F064 /* Build configuration list for PBXNativeTarget "TakisoUITests" */ = {
			isa = XCConfigurationList;
			buildConfigurations = (
				983FCCF0248CCDAE00B9F064 /* Debug */,
				983FCCF1248CCDAE00B9F064 /* Release */,
			);
			defaultConfigurationIsVisible = 0;
			defaultConfigurationName = Release;
		};
/* End XCConfigurationList section */

/* Begin XCVersionGroup section */
		983FCCC8248CCDAD00B9F064 /* Takiso.xcdatamodeld */ = {
			isa = XCVersionGroup;
			children = (
				983FCCC9248CCDAD00B9F064 /* Takiso.xcdatamodel */,
			);
			currentVersion = 983FCCC9248CCDAD00B9F064 /* Takiso.xcdatamodel */;
			path = Takiso.xcdatamodeld;
			sourceTree = "<group>";
			versionGroupType = wrapper.xcdatamodel;
		};
/* End XCVersionGroup section */
	};
	rootObject = 983FCCB4248CCDAD00B9F064 /* Project object */;
}
